
Microsoft Visual Studio Solution File, Format Version 12.00
# Visual Studio Version 17
VisualStudioVersion = 17.5.33414.496
MinimumVisualStudioVersion = 10.0.40219.1
Project("{FAE04EC0-301F-11D3-BF4B-00C04F79EFBC}") = "TSVP_lab04_FordBellman", "TSVP_lab04_FordBellman\TSVP_lab04_FordBellman.csproj", "{019E3504-2DAB-4047-AE43-6709592BA327}"
EndProject
Global
	GlobalSection(SolutionConfigurationPlatforms) = preSolution
		Debug|Any CPU = Debug|Any CPU
		Release|Any CPU = Release|Any CPU
	EndGlobalSection
	GlobalSection(ProjectConfigurationPlatforms) = postSolution
		{019E3504-2DAB-4047-AE43-6709592BA327}.Debug|Any CPU.ActiveCfg = Debug|Any CPU
		{019E3504-2DAB-4047-AE43-6709592BA327}.Debug|Any CPU.Build.0 = Debug|Any CPU
		{019E3504-2DAB-4047-AE43-6709592BA327}.Release|Any CPU.ActiveCfg = Release|Any CPU
		{019E3504-2DAB-4047-AE43-6709592BA327}.Release|Any CPU.Build.0 = Release|Any CPU
	EndGlobalSection
	GlobalSection(SolutionProperties) = preSolution
		HideSolutionNode = FALSE
	EndGlobalSection
	GlobalSection(ExtensibilityGlobals) = postSolution
		SolutionGuid = {4D9C9609-A3D4-42FD-8B43-32C23D06CD4F}
	EndGlobalSection
EndGlobal
